
Microsoft Visual Studio Solution File, Format Version 12.00
# Visual Studio 15
VisualStudioVersion = 15.0.26124.0
MinimumVisualStudioVersion = 15.0.26124.0
Project("{2150E333-8FDC-42A3-9474-1A3956D46DE8}") = "src", "src", "{F0691F8D-8745-4BF4-9571-51741B77A0DF}"
EndProject
Project("{FAE04EC0-301F-11D3-BF4B-00C04F79EFBC}") = "GADev.Chat.Api", "src\GADev.Chat.Api\GADev.Chat.Api.csproj", "{565E22C6-C044-4C93-9163-AB694E46DDEE}"
EndProject
Project("{FAE04EC0-301F-11D3-BF4B-00C04F79EFBC}") = "GADev.Chat.Domain", "src\GADev.Chat.Domain\GADev.Chat.Domain.csproj", "{8479F654-0C11-4172-BE21-E345EE7CC9D2}"
EndProject
Project("{FAE04EC0-301F-11D3-BF4B-00C04F79EFBC}") = "GADev.Chat.IoC", "src\GADev.Chat.IoC\GADev.Chat.IoC.csproj", "{C8EFA1D0-CCDE-471B-8C85-DED2E4E3ED84}"
EndProject
Project("{FAE04EC0-301F-11D3-BF4B-00C04F79EFBC}") = "GADev.Chat.Identity", "src\GADev.Chat.Identity\GADev.Chat.Identity.csproj", "{5016077C-85F6-4429-931C-E9E0775AEBAD}"
EndProject
Project("{FAE04EC0-301F-11D3-BF4B-00C04F79EFBC}") = "GADev.Chat.Application", "src\GADev.Chat.Application\GADev.Chat.Application.csproj", "{4ED98F69-DFA0-4A1B-92C8-4F99EBA48C92}"
EndProject
Project("{FAE04EC0-301F-11D3-BF4B-00C04F79EFBC}") = "GADev.Chat.Infrastructure", "src\GADev.Chat.Infrastructure\GADev.Chat.Infrastructure.csproj", "{92AC89E9-3034-4EB0-B36B-3C96A17A015B}"
EndProject
Global
	GlobalSection(SolutionConfigurationPlatforms) = preSolution
		Debug|Any CPU = Debug|Any CPU
		Debug|x64 = Debug|x64
		Debug|x86 = Debug|x86
		Release|Any CPU = Release|Any CPU
		Release|x64 = Release|x64
		Release|x86 = Release|x86
	EndGlobalSection
	GlobalSection(SolutionProperties) = preSolution
		HideSolutionNode = FALSE
	EndGlobalSection
	GlobalSection(ProjectConfigurationPlatforms) = postSolution
		{565E22C6-C044-4C93-9163-AB694E46DDEE}.Debug|Any CPU.ActiveCfg = Debug|Any CPU
		{565E22C6-C044-4C93-9163-AB694E46DDEE}.Debug|Any CPU.Build.0 = Debug|Any CPU
		{565E22C6-C044-4C93-9163-AB694E46DDEE}.Debug|x64.ActiveCfg = Debug|Any CPU
		{565E22C6-C044-4C93-9163-AB694E46DDEE}.Debug|x64.Build.0 = Debug|Any CPU
		{565E22C6-C044-4C93-9163-AB694E46DDEE}.Debug|x86.ActiveCfg = Debug|Any CPU
		{565E22C6-C044-4C93-9163-AB694E46DDEE}.Debug|x86.Build.0 = Debug|Any CPU
		{565E22C6-C044-4C93-9163-AB694E46DDEE}.Release|Any CPU.ActiveCfg = Release|Any CPU
		{565E22C6-C044-4C93-9163-AB694E46DDEE}.Release|Any CPU.Build.0 = Release|Any CPU
		{565E22C6-C044-4C93-9163-AB694E46DDEE}.Release|x64.ActiveCfg = Release|Any CPU
		{565E22C6-C044-4C93-9163-AB694E46DDEE}.Release|x64.Build.0 = Release|Any CPU
		{565E22C6-C044-4C93-9163-AB694E46DDEE}.Release|x86.ActiveCfg = Release|Any CPU
		{565E22C6-C044-4C93-9163-AB694E46DDEE}.Release|x86.Build.0 = Release|Any CPU
		{8479F654-0C11-4172-BE21-E345EE7CC9D2}.Debug|Any CPU.ActiveCfg = Debug|Any CPU
		{8479F654-0C11-4172-BE21-E345EE7CC9D2}.Debug|Any CPU.Build.0 = Debug|Any CPU
		{8479F654-0C11-4172-BE21-E345EE7CC9D2}.Debug|x64.ActiveCfg = Debug|Any CPU
		{8479F654-0C11-4172-BE21-E345EE7CC9D2}.Debug|x64.Build.0 = Debug|Any CPU
		{8479F654-0C11-4172-BE21-E345EE7CC9D2}.Debug|x86.ActiveCfg = Debug|Any CPU
		{8479F654-0C11-4172-BE21-E345EE7CC9D2}.Debug|x86.Build.0 = Debug|Any CPU
		{8479F654-0C11-4172-BE21-E345EE7CC9D2}.Release|Any CPU.ActiveCfg = Release|Any CPU
		{8479F654-0C11-4172-BE21-E345EE7CC9D2}.Release|Any CPU.Build.0 = Release|Any CPU
		{8479F654-0C11-4172-BE21-E345EE7CC9D2}.Release|x64.ActiveCfg = Release|Any CPU
		{8479F654-0C11-4172-BE21-E345EE7CC9D2}.Release|x64.Build.0 = Release|Any CPU
		{8479F654-0C11-4172-BE21-E345EE7CC9D2}.Release|x86.ActiveCfg = Release|Any CPU
		{8479F654-0C11-4172-BE21-E345EE7CC9D2}.Release|x86.Build.0 = Release|Any CPU
		{C8EFA1D0-CCDE-471B-8C85-DED2E4E3ED84}.Debug|Any CPU.ActiveCfg = Debug|Any CPU
		{C8EFA1D0-CCDE-471B-8C85-DED2E4E3ED84}.Debug|Any CPU.Build.0 = Debug|Any CPU
		{C8EFA1D0-CCDE-471B-8C85-DED2E4E3ED84}.Debug|x64.ActiveCfg = Debug|Any CPU
		{C8EFA1D0-CCDE-471B-8C85-DED2E4E3ED84}.Debug|x64.Build.0 = Debug|Any CPU
		{C8EFA1D0-CCDE-471B-8C85-DED2E4E3ED84}.Debug|x86.ActiveCfg = Debug|Any CPU
		{C8EFA1D0-CCDE-471B-8C85-DED2E4E3ED84}.Debug|x86.Build.0 = Debug|Any CPU
		{C8EFA1D0-CCDE-471B-8C85-DED2E4E3ED84}.Release|Any CPU.ActiveCfg = Release|Any CPU
		{C8EFA1D0-CCDE-471B-8C85-DED2E4E3ED84}.Release|Any CPU.Build.0 = Release|Any CPU
		{C8EFA1D0-CCDE-471B-8C85-DED2E4E3ED84}.Release|x64.ActiveCfg = Release|Any CPU
		{C8EFA1D0-CCDE-471B-8C85-DED2E4E3ED84}.Release|x64.Build.0 = Release|Any CPU
		{C8EFA1D0-CCDE-471B-8C85-DED2E4E3ED84}.Release|x86.ActiveCfg = Release|Any CPU
		{C8EFA1D0-CCDE-471B-8C85-DED2E4E3ED84}.Release|x86.Build.0 = Release|Any CPU
		{5016077C-85F6-4429-931C-E9E0775AEBAD}.Debug|Any CPU.ActiveCfg = Debug|Any CPU
		{5016077C-85F6-4429-931C-E9E0775AEBAD}.Debug|Any CPU.Build.0 = Debug|Any CPU
		{5016077C-85F6-4429-931C-E9E0775AEBAD}.Debug|x64.ActiveCfg = Debug|Any CPU
		{5016077C-85F6-4429-931C-E9E0775AEBAD}.Debug|x64.Build.0 = Debug|Any CPU
		{5016077C-85F6-4429-931C-E9E0775AEBAD}.Debug|x86.ActiveCfg = Debug|Any CPU
		{5016077C-85F6-4429-931C-E9E0775AEBAD}.Debug|x86.Build.0 = Debug|Any CPU
		{5016077C-85F6-4429-931C-E9E0775AEBAD}.Release|Any CPU.ActiveCfg = Release|Any CPU
		{5016077C-85F6-4429-931C-E9E0775AEBAD}.Release|Any CPU.Build.0 = Release|Any CPU
		{5016077C-85F6-4429-931C-E9E0775AEBAD}.Release|x64.ActiveCfg = Release|Any CPU
		{5016077C-85F6-4429-931C-E9E0775AEBAD}.Release|x64.Build.0 = Release|Any CPU
		{5016077C-85F6-4429-931C-E9E0775AEBAD}.Release|x86.ActiveCfg = Release|Any CPU
		{5016077C-85F6-4429-931C-E9E0775AEBAD}.Release|x86.Build.0 = Release|Any CPU
		{4ED98F69-DFA0-4A1B-92C8-4F99EBA48C92}.Debug|Any CPU.ActiveCfg = Debug|Any CPU
		{4ED98F69-DFA0-4A1B-92C8-4F99EBA48C92}.Debug|Any CPU.Build.0 = Debug|Any CPU
		{4ED98F69-DFA0-4A1B-92C8-4F99EBA48C92}.Debug|x64.ActiveCfg = Debug|Any CPU
		{4ED98F69-DFA0-4A1B-92C8-4F99EBA48C92}.Debug|x64.Build.0 = Debug|Any CPU
		{4ED98F69-DFA0-4A1B-92C8-4F99EBA48C92}.Debug|x86.ActiveCfg = Debug|Any CPU
		{4ED98F69-DFA0-4A1B-92C8-4F99EBA48C92}.Debug|x86.Build.0 = Debug|Any CPU
		{4ED98F69-DFA0-4A1B-92C8-4F99EBA48C92}.Release|Any CPU.ActiveCfg = Release|Any CPU
		{4ED98F69-DFA0-4A1B-92C8-4F99EBA48C92}.Release|Any CPU.Build.0 = Release|Any CPU
		{4ED98F69-DFA0-4A1B-92C8-4F99EBA48C92}.Release|x64.ActiveCfg = Release|Any CPU
		{4ED98F69-DFA0-4A1B-92C8-4F99EBA48C92}.Release|x64.Build.0 = Release|Any CPU
		{4ED98F69-DFA0-4A1B-92C8-4F99EBA48C92}.Release|x86.ActiveCfg = Release|Any CPU
		{4ED98F69-DFA0-4A1B-92C8-4F99EBA48C92}.Release|x86.Build.0 = Release|Any CPU
		{92AC89E9-3034-4EB0-B36B-3C96A17A015B}.Debug|Any CPU.ActiveCfg = Debug|Any CPU
		{92AC89E9-3034-4EB0-B36B-3C96A17A015B}.Debug|Any CPU.Build.0 = Debug|Any CPU
		{92AC89E9-3034-4EB0-B36B-3C96A17A015B}.Debug|x64.ActiveCfg = Debug|Any CPU
		{92AC89E9-3034-4EB0-B36B-3C96A17A015B}.Debug|x64.Build.0 = Debug|Any CPU
		{92AC89E9-3034-4EB0-B36B-3C96A17A015B}.Debug|x86.ActiveCfg = Debug|Any CPU
		{92AC89E9-3034-4EB0-B36B-3C96A17A015B}.Debug|x86.Build.0 = Debug|Any CPU
		{92AC89E9-3034-4EB0-B36B-3C96A17A015B}.Release|Any CPU.ActiveCfg = Release|Any CPU
		{92AC89E9-3034-4EB0-B36B-3C96A17A015B}.Release|Any CPU.Build.0 = Release|Any CPU
		{92AC89E9-3034-4EB0-B36B-3C96A17A015B}.Release|x64.ActiveCfg = Release|Any CPU
		{92AC89E9-3034-4EB0-B36B-3C96A17A015B}.Release|x64.Build.0 = Release|Any CPU
		{92AC89E9-3034-4EB0-B36B-3C96A17A015B}.Release|x86.ActiveCfg = Release|Any CPU
		{92AC89E9-3034-4EB0-B36B-3C96A17A015B}.Release|x86.Build.0 = Release|Any CPU
	EndGlobalSection
	GlobalSection(NestedProjects) = preSolution
		{565E22C6-C044-4C93-9163-AB694E46DDEE} = {F0691F8D-8745-4BF4-9571-51741B77A0DF}
		{8479F654-0C11-4172-BE21-E345EE7CC9D2} = {F0691F8D-8745-4BF4-9571-51741B77A0DF}
		{C8EFA1D0-CCDE-471B-8C85-DED2E4E3ED84} = {F0691F8D-8745-4BF4-9571-51741B77A0DF}
		{5016077C-85F6-4429-931C-E9E0775AEBAD} = {F0691F8D-8745-4BF4-9571-51741B77A0DF}
		{4ED98F69-DFA0-4A1B-92C8-4F99EBA48C92} = {F0691F8D-8745-4BF4-9571-51741B77A0DF}
		{92AC89E9-3034-4EB0-B36B-3C96A17A015B} = {F0691F8D-8745-4BF4-9571-51741B77A0DF}
	EndGlobalSection
EndGlobal
